
Microsoft Visual Studio Solution File, Format Version 12.00
# Visual Studio 14
VisualStudioVersion = 14.0.24720.0
MinimumVisualStudioVersion = 10.0.40219.1
Project("{FAE04EC0-301F-11D3-BF4B-00C04F79EFBC}") = "StudyBox", "StudyBox\StudyBox.csproj", "{050D3360-6780-4DEA-9105-5832E9D471C1}"
EndProject
Project("{2150E333-8FDC-42A3-9474-1A3956D46DE8}") = "Tests", "Tests", "{4ABC7F1B-3E83-4B8D-B80E-5C234060991E}"
EndProject
Project("{FAE04EC0-301F-11D3-BF4B-00C04F79EFBC}") = "StudyBoxTest", "StudyBoxTest\StudyBoxTest.csproj", "{2544F6F1-2195-4B76-8764-0142F7D95BE4}"
EndProject
Global
	GlobalSection(SolutionConfigurationPlatforms) = preSolution
		Debug|Any CPU = Debug|Any CPU
		Debug|ARM = Debug|ARM
		Debug|x64 = Debug|x64
		Debug|x86 = Debug|x86
		Release|Any CPU = Release|Any CPU
		Release|ARM = Release|ARM
		Release|x64 = Release|x64
		Release|x86 = Release|x86
	EndGlobalSection
	GlobalSection(ProjectConfigurationPlatforms) = postSolution
		{050D3360-6780-4DEA-9105-5832E9D471C1}.Debug|Any CPU.ActiveCfg = Debug|x86
		{050D3360-6780-4DEA-9105-5832E9D471C1}.Debug|ARM.ActiveCfg = Debug|ARM
		{050D3360-6780-4DEA-9105-5832E9D471C1}.Debug|ARM.Build.0 = Debug|ARM
		{050D3360-6780-4DEA-9105-5832E9D471C1}.Debug|ARM.Deploy.0 = Debug|ARM
		{050D3360-6780-4DEA-9105-5832E9D471C1}.Debug|x64.ActiveCfg = Debug|x64
		{050D3360-6780-4DEA-9105-5832E9D471C1}.Debug|x64.Build.0 = Debug|x64
		{050D3360-6780-4DEA-9105-5832E9D471C1}.Debug|x64.Deploy.0 = Debug|x64
		{050D3360-6780-4DEA-9105-5832E9D471C1}.Debug|x86.ActiveCfg = Debug|x86
		{050D3360-6780-4DEA-9105-5832E9D471C1}.Debug|x86.Build.0 = Debug|x86
		{050D3360-6780-4DEA-9105-5832E9D471C1}.Debug|x86.Deploy.0 = Debug|x86
		{050D3360-6780-4DEA-9105-5832E9D471C1}.Release|Any CPU.ActiveCfg = Release|x86
		{050D3360-6780-4DEA-9105-5832E9D471C1}.Release|ARM.ActiveCfg = Release|ARM
		{050D3360-6780-4DEA-9105-5832E9D471C1}.Release|ARM.Build.0 = Release|ARM
		{050D3360-6780-4DEA-9105-5832E9D471C1}.Release|ARM.Deploy.0 = Release|ARM
		{050D3360-6780-4DEA-9105-5832E9D471C1}.Release|x64.ActiveCfg = Release|x64
		{050D3360-6780-4DEA-9105-5832E9D471C1}.Release|x64.Build.0 = Release|x64
		{050D3360-6780-4DEA-9105-5832E9D471C1}.Release|x64.Deploy.0 = Release|x64
		{050D3360-6780-4DEA-9105-5832E9D471C1}.Release|x86.ActiveCfg = Release|x86
		{050D3360-6780-4DEA-9105-5832E9D471C1}.Release|x86.Build.0 = Release|x86
		{050D3360-6780-4DEA-9105-5832E9D471C1}.Release|x86.Deploy.0 = Release|x86
		{2544F6F1-2195-4B76-8764-0142F7D95BE4}.Debug|Any CPU.ActiveCfg = Debug|x86
		{2544F6F1-2195-4B76-8764-0142F7D95BE4}.Debug|ARM.ActiveCfg = Debug|ARM
		{2544F6F1-2195-4B76-8764-0142F7D95BE4}.Debug|ARM.Build.0 = Debug|ARM
		{2544F6F1-2195-4B76-8764-0142F7D95BE4}.Debug|ARM.Deploy.0 = Debug|ARM
		{2544F6F1-2195-4B76-8764-0142F7D95BE4}.Debug|x64.ActiveCfg = Debug|x64
		{2544F6F1-2195-4B76-8764-0142F7D95BE4}.Debug|x64.Build.0 = Debug|x64
		{2544F6F1-2195-4B76-8764-0142F7D95BE4}.Debug|x64.Deploy.0 = Debug|x64
		{2544F6F1-2195-4B76-8764-0142F7D95BE4}.Debug|x86.ActiveCfg = Debug|x86
		{2544F6F1-2195-4B76-8764-0142F7D95BE4}.Debug|x86.Build.0 = Debug|x86
		{2544F6F1-2195-4B76-8764-0142F7D95BE4}.Debug|x86.Deploy.0 = Debug|x86
		{2544F6F1-2195-4B76-8764-0142F7D95BE4}.Release|Any CPU.ActiveCfg = Release|x86
		{2544F6F1-2195-4B76-8764-0142F7D95BE4}.Release|ARM.ActiveCfg = Release|ARM
		{2544F6F1-2195-4B76-8764-0142F7D95BE4}.Release|ARM.Build.0 = Release|ARM
		{2544F6F1-2195-4B76-8764-0142F7D95BE4}.Release|ARM.Deploy.0 = Release|ARM
		{2544F6F1-2195-4B76-8764-0142F7D95BE4}.Release|x64.ActiveCfg = Release|x64
		{2544F6F1-2195-4B76-8764-0142F7D95BE4}.Release|x64.Build.0 = Release|x64
		{2544F6F1-2195-4B76-8764-0142F7D95BE4}.Release|x64.Deploy.0 = Release|x64
		{2544F6F1-2195-4B76-8764-0142F7D95BE4}.Release|x86.ActiveCfg = Release|x86
		{2544F6F1-2195-4B76-8764-0142F7D95BE4}.Release|x86.Build.0 = Release|x86
		{2544F6F1-2195-4B76-8764-0142F7D95BE4}.Release|x86.Deploy.0 = Release|x86
	EndGlobalSection
	GlobalSection(SolutionProperties) = preSolution
		HideSolutionNode = FALSE
	EndGlobalSection
	GlobalSection(NestedProjects) = preSolution
		{2544F6F1-2195-4B76-8764-0142F7D95BE4} = {4ABC7F1B-3E83-4B8D-B80E-5C234060991E}
	EndGlobalSection
EndGlobal
